
Microsoft Visual Studio Solution File, Format Version 12.00
# Visual Studio Version 17
VisualStudioVersion = 17.9.34701.34
MinimumVisualStudioVersion = 10.0.40219.1
Project("{FAE04EC0-301F-11D3-BF4B-00C04F79EFBC}") = "ConsoleChannels", "ConsoleChannels\ConsoleChannels.csproj", "{5EC09C96-174D-4F93-8C6F-CE74D6133F67}"
EndProject
Global
	GlobalSection(SolutionConfigurationPlatforms) = preSolution
		Debug|Any CPU = Debug|Any CPU
		Release|Any CPU = Release|Any CPU
	EndGlobalSection
	GlobalSection(ProjectConfigurationPlatforms) = postSolution
		{5EC09C96-174D-4F93-8C6F-CE74D6133F67}.Debug|Any CPU.ActiveCfg = Debug|Any CPU
		{5EC09C96-174D-4F93-8C6F-CE74D6133F67}.Debug|Any CPU.Build.0 = Debug|Any CPU
		{5EC09C96-174D-4F93-8C6F-CE74D6133F67}.Release|Any CPU.ActiveCfg = Release|Any CPU
		{5EC09C96-174D-4F93-8C6F-CE74D6133F67}.Release|Any CPU.Build.0 = Release|Any CPU
	EndGlobalSection
	GlobalSection(SolutionProperties) = preSolution
		HideSolutionNode = FALSE
	EndGlobalSection
	GlobalSection(ExtensibilityGlobals) = postSolution
		SolutionGuid = {34BB96E5-E727-4F74-B4A4-31A643838277}
	EndGlobalSection
EndGlobal
